
Microsoft Visual Studio Solution File, Format Version 12.00
# Visual Studio Version 17
VisualStudioVersion = 17.6.33815.320
MinimumVisualStudioVersion = 10.0.40219.1
Project("{FAE04EC0-301F-11D3-BF4B-00C04F79EFBC}") = "Wildberries", "Wildberries\Wildberries.csproj", "{379C4E5A-721F-44F2-A6B6-CABC2372EAC9}"
EndProject
Global
	GlobalSection(SolutionConfigurationPlatforms) = preSolution
		Debug|Any CPU = Debug|Any CPU
		Release|Any CPU = Release|Any CPU
	EndGlobalSection
	GlobalSection(ProjectConfigurationPlatforms) = postSolution
		{379C4E5A-721F-44F2-A6B6-CABC2372EAC9}.Debug|Any CPU.ActiveCfg = Debug|Any CPU
		{379C4E5A-721F-44F2-A6B6-CABC2372EAC9}.Debug|Any CPU.Build.0 = Debug|Any CPU
		{379C4E5A-721F-44F2-A6B6-CABC2372EAC9}.Release|Any CPU.ActiveCfg = Release|Any CPU
		{379C4E5A-721F-44F2-A6B6-CABC2372EAC9}.Release|Any CPU.Build.0 = Release|Any CPU
	EndGlobalSection
	GlobalSection(SolutionProperties) = preSolution
		HideSolutionNode = FALSE
	EndGlobalSection
	GlobalSection(ExtensibilityGlobals) = postSolution
		SolutionGuid = {CF922E07-4A8F-45B7-B218-F0574D833402}
	EndGlobalSection
EndGlobal
